// !$*UTF8*$!
{
	archiveVersion = 1;
	classes = {
	};
	objectVersion = 46;
	objects = {

/* Begin PBXBuildFile section */
		3F38C4B61778B60F0006439E /* UIKit.framework in Frameworks */ = {isa = PBXBuildFile; fileRef = 3F38C4B51778B60F0006439E /* UIKit.framework */; };
		3F38C4B81778B60F0006439E /* Foundation.framework in Frameworks */ = {isa = PBXBuildFile; fileRef = 3F38C4B71778B60F0006439E /* Foundation.framework */; };
		3F38C4BA1778B60F0006439E /* CoreGraphics.framework in Frameworks */ = {isa = PBXBuildFile; fileRef = 3F38C4B91778B60F0006439E /* CoreGraphics.framework */; };
		3F38C4C01778B60F0006439E /* InfoPlist.strings in Resources */ = {isa = PBXBuildFile; fileRef = 3F38C4BE1778B60F0006439E /* InfoPlist.strings */; };
		3F38C4C21778B6100006439E /* main.m in Sources */ = {isa = PBXBuildFile; fileRef = 3F38C4C11778B6100006439E /* main.m */; };
		3F38C4C61778B6100006439E /* AppDelegate.m in Sources */ = {isa = PBXBuildFile; fileRef = 3F38C4C51778B6100006439E /* AppDelegate.m */; };
		3F38C4C81778B6100006439E /* Default.png in Resources */ = {isa = PBXBuildFile; fileRef = 3F38C4C71778B6100006439E /* Default.png */; };
		3F38C4CA1778B6100006439E /* Default@2x.png in Resources */ = {isa = PBXBuildFile; fileRef = 3F38C4C91778B6100006439E /* Default@2x.png */; };
		3F38C4CC1778B6100006439E /* Default-568h@2x.png in Resources */ = {isa = PBXBuildFile; fileRef = 3F38C4CB1778B6100006439E /* Default-568h@2x.png */; };
		3F38C4CF1778B6100006439E /* MainStoryboard.storyboard in Resources */ = {isa = PBXBuildFile; fileRef = 3F38C4CD1778B6100006439E /* MainStoryboard.storyboard */; };
		3F38C4D21778B6100006439E /* ViewController.m in Sources */ = {isa = PBXBuildFile; fileRef = 3F38C4D11778B6100006439E /* ViewController.m */; };
/* End PBXBuildFile section */

/* Begin PBXFileReference section */
		3F38C4B21778B60F0006439E /* HelloWorld.app */ = {isa = PBXFileReference; explicitFileType = wrapper.application; includeInIndex = 0; path = HelloWorld.app; sourceTree = BUILT_PRODUCTS_DIR; };
		3F38C4B51778B60F0006439E /* UIKit.framework */ = {isa = PBXFileReference; lastKnownFileType = wrapper.framework; name = UIKit.framework; path = System/Library/Frameworks/UIKit.framework; sourceTree = SDKROOT; };
		3F38C4B71778B60F0006439E /* Foundation.framework */ = {isa = PBXFileReference; lastKnownFileType = wrapper.framework; name = Foundation.framework; path = System/Library/Frameworks/Foundation.framework; sourceTree = SDKROOT; };
		3F38C4B91778B60F0006439E /* CoreGraphics.framework */ = {isa = PBXFileReference; lastKnownFileType = wrapper.framework; name = CoreGraphics.framework; path = System/Library/Frameworks/CoreGraphics.framework; sourceTree = SDKROOT; };
		3F38C4BD1778B60F0006439E /* HelloWorld-Info.plist */ = {isa = PBXFileReference; lastKnownFileType = text.plist.xml; path = "HelloWorld-Info.plist"; sourceTree = "<group>"; };
		3F38C4BF1778B60F0006439E /* en */ = {isa = PBXFileReference; lastKnownFileType = text.plist.strings; name = en; path = en.lproj/InfoPlist.strings; sourceTree = "<group>"; };
		3F38C4C11778B6100006439E /* main.m */ = {isa = PBXFileReference; lastKnownFileType = sourcecode.c.objc; path = main.m; sourceTree = "<group>"; };
		3F38C4C31778B6100006439E /* HelloWorld-Prefix.pch */ = {isa = PBXFileReference; lastKnownFileType = sourcecode.c.h; path = "HelloWorld-Prefix.pch"; sourceTree = "<group>"; };
		3F38C4C41778B6100006439E /* AppDelegate.h */ = {isa = PBXFileReference; lastKnownFileType = sourcecode.c.h; path = AppDelegate.h; sourceTree = "<group>"; };
		3F38C4C51778B6100006439E /* AppDelegate.m */ = {isa = PBXFileReference; lastKnownFileType = sourcecode.c.objc; path = AppDelegate.m; sourceTree = "<group>"; };
		3F38C4C71778B6100006439E /* Default.png */ = {isa = PBXFileReference; lastKnownFileType = image.png; path = Default.png; sourceTree = "<group>"; };
		3F38C4C91778B6100006439E /* Default@2x.png */ = {isa = PBXFileReference; lastKnownFileType = image.png; path = "Default@2x.png"; sourceTree = "<group>"; };
		3F38C4CB1778B6100006439E /* Default-568h@2x.png */ = {isa = PBXFileReference; lastKnownFileType = image.png; path = "Default-568h@2x.png"; sourceTree = "<group>"; };
		3F38C4CE1778B6100006439E /* en */ = {isa = PBXFileReference; lastKnownFileType = file.storyboard; name = en; path = en.lproj/MainStoryboard.storyboard; sourceTree = "<group>"; };
		3F38C4D01778B6100006439E /* ViewController.h */ = {isa = PBXFileReference; lastKnownFileType = sourcecode.c.h; path = ViewController.h; sourceTree = "<group>"; };
		3F38C4D11778B6100006439E /* ViewController.m */ = {isa = PBXFileReference; lastKnownFileType = sourcecode.c.objc; path = ViewController.m; sourceTree = "<group>"; };
/* End PBXFileReference section */

/* Begin PBXFrameworksBuildPhase section */
		3F38C4AF1778B60F0006439E /* Frameworks */ = {
			isa = PBXFrameworksBuildPhase;
			buildActionMask = 2147483647;
			files = (
				3F38C4B61778B60F0006439E /* UIKit.framework in Frameworks */,
				3F38C4B81778B60F0006439E /* Foundation.framework in Frameworks */,
				3F38C4BA1778B60F0006439E /* CoreGraphics.framework in Frameworks */,
			);
			runOnlyForDeploymentPostprocessing = 0;
		};
/* End PBXFrameworksBuildPhase section */

/* Begin PBXGroup section */
		3F38C4A91778B60F0006439E = {
			isa = PBXGroup;
			children = (
				3F38C4BB1778B60F0006439E /* HelloWorld */,
				3F38C4B41778B60F0006439E /* Frameworks */,
				3F38C4B31778B60F0006439E /* Products */,
			);
			sourceTree = "<group>";
		};
		3F38C4B31778B60F0006439E /* Products */ = {
			isa = PBXGroup;
			children = (
				3F38C4B21778B60F0006439E /* HelloWorld.app */,
			);
			name = Products;
			sourceTree = "<group>";
		};
		3F38C4B41778B60F0006439E /* Frameworks */ = {
			isa = PBXGroup;
			children = (
				3F38C4B51778B60F0006439E /* UIKit.framework */,
				3F38C4B71778B60F0006439E /* Foundation.framework */,
				3F38C4B91778B60F0006439E /* CoreGraphics.framework */,
			);
			name = Frameworks;
			sourceTree = "<group>";
		};
		3F38C4BB1778B60F0006439E /* HelloWorld */ = {
			isa = PBXGroup;
			children = (
				3F38C4C41778B6100006439E /* AppDelegate.h */,
				3F38C4C51778B6100006439E /* AppDelegate.m */,
				3F38C4CD1778B6100006439E /* MainStoryboard.storyboard */,
				3F38C4D01778B6100006439E /* ViewController.h */,
				3F38C4D11778B6100006439E /* ViewController.m */,
				3F38C4BC1778B60F0006439E /* Supporting Files */,
			);
			path = HelloWorld;
			sourceTree = "<group>";
		};
		3F38C4BC1778B60F0006439E /* Supporting Files */ = {
			isa = PBXGroup;
			children = (
				3F38C4BD1778B60F0006439E /* HelloWorld-Info.plist */,
				3F38C4BE1778B60F0006439E /* InfoPlist.strings */,
				3F38C4C11778B6100006439E /* main.m */,
				3F38C4C31778B6100006439E /* HelloWorld-Prefix.pch */,
				3F38C4C71778B6100006439E /* Default.png */,
				3F38C4C91778B6100006439E /* Default@2x.png */,
				3F38C4CB1778B6100006439E /* Default-568h@2x.png */,
			);
			name = "Supporting Files";
			sourceTree = "<group>";
		};
/* End PBXGroup section */

/* Begin PBXNativeTarget section */
		3F38C4B11778B60F0006439E /* HelloWorld */ = {
			isa = PBXNativeTarget;
			buildConfigurationList = 3F38C4D51778B6100006439E /* Build configuration list for PBXNativeTarget "HelloWorld" */;
			buildPhases = (
				3F38C4AE1778B60F0006439E /* Sources */,
				3F38C4AF1778B60F0006439E /* Frameworks */,
				3F38C4B01778B60F0006439E /* Resources */,
			);
			buildRules = (
			);
			dependencies = (
			);
			name = HelloWorld;
			productName = HelloWorld;
			productReference = 3F38C4B21778B60F0006439E /* HelloWorld.app */;
			productType = "com.apple.product-type.application";
		};
/* End PBXNativeTarget section */

/* Begin PBXProject section */
		3F38C4AA1778B60F0006439E /* Project object */ = {
			isa = PBXProject;
			attributes = {
				LastUpgradeCheck = 0460;
				ORGANIZATIONNAME = James;
			};
			buildConfigurationList = 3F38C4AD1778B60F0006439E /* Build configuration list for PBXProject "HelloWorld" */;
			compatibilityVersion = "Xcode 3.2";
			developmentRegion = English;
			hasScannedForEncodings = 0;
			knownRegions = (
				en,
			);
			mainGroup = 3F38C4A91778B60F0006439E;
			productRefGroup = 3F38C4B31778B60F0006439E /* Products */;
			projectDirPath = "";
			projectRoot = "";
			targets = (
				3F38C4B11778B60F0006439E /* HelloWorld */,
			);
		};
/* End PBXProject section */

/* Begin PBXResourcesBuildPhase section */
		3F38C4B01778B60F0006439E /* Resources */ = {
			isa = PBXResourcesBuildPhase;
			buildActionMask = 2147483647;
			files = (
				3F38C4C01778B60F0006439E /* InfoPlist.strings in Resources */,
				3F38C4C81778B6100006439E /* Default.png in Resources */,
				3F38C4CA1778B6100006439E /* Default@2x.png in Resources */,
				3F38C4CC1778B6100006439E /* Default-568h@2x.png in Resources */,
				3F38C4CF1778B6100006439E /* MainStoryboard.storyboard in Resources */,
			);
			runOnlyForDeploymentPostprocessing = 0;
		};
/* End PBXResourcesBuildPhase section */

/* Begin PBXSourcesBuildPhase section */
		3F38C4AE1778B60F0006439E /* Sources */ = {
			isa = PBXSourcesBuildPhase;
			buildActionMask = 2147483647;
			files = (
				3F38C4C21778B6100006439E /* main.m in Sources */,
				3F38C4C61778B6100006439E /* AppDelegate.m in Sources */,
				3F38C4D21778B6100006439E /* ViewController.m in Sources */,
			);
			runOnlyForDeploymentPostprocessing = 0;
		};
/* End PBXSourcesBuildPhase section */

/* Begin PBXVariantGroup section */
		3F38C4BE1778B60F0006439E /* InfoPlist.strings */ = {
			isa = PBXVariantGroup;
			children = (
				3F38C4BF1778B60F0006439E /* en */,
			);
			name = InfoPlist.strings;
			sourceTree = "<group>";
		};
		3F38C4CD1778B6100006439E /* MainStoryboard.storyboard */ = {
			isa = PBXVariantGroup;
			children = (
				3F38C4CE1778B6100006439E /* en */,
			);
			name = MainStoryboard.storyboard;
			sourceTree = "<group>";
		};
/* End PBXVariantGroup section */

/* Begin XCBuildConfiguration section */
		3F38C4D31778B6100006439E /* Debug */ = {
			isa = XCBuildConfiguration;
			buildSettings = {
				ALWAYS_SEARCH_USER_PATHS = NO;
				CLANG_CXX_LANGUAGE_STANDARD = "gnu++0x";
				CLANG_CXX_LIBRARY = "libc++";
				CLANG_ENABLE_OBJC_ARC = YES;
				CLANG_WARN_CONSTANT_CONVERSION = YES;
				CLANG_WARN_EMPTY_BODY = YES;
				CLANG_WARN_ENUM_CONVERSION = YES;
				CLANG_WARN_INT_CONVERSION = YES;
				CLANG_WARN__DUPLICATE_METHOD_MATCH = YES;
				"CODE_SIGN_IDENTITY[sdk=iphoneos*]" = "iPhone Developer";
				COPY_PHASE_STRIP = NO;
				GCC_C_LANGUAGE_STANDARD = gnu99;
				GCC_DYNAMIC_NO_PIC = NO;
				GCC_OPTIMIZATION_LEVEL = 0;
				GCC_PREPROCESSOR_DEFINITIONS = (
					"DEBUG=1",
					"$(inherited)",
				);
				GCC_SYMBOLS_PRIVATE_EXTERN = NO;
				GCC_WARN_ABOUT_RETURN_TYPE = YES;
				GCC_WARN_UNINITIALIZED_AUTOS = YES;
				GCC_WARN_UNUSED_VARIABLE = YES;
				IPHONEOS_DEPLOYMENT_TARGET = 6.1;
				ONLY_ACTIVE_ARCH = YES;
				SDKROOT = iphoneos;
			};
			name = Debug;
		};
		3F38C4D41778B6100006439E /* Release */ = {
			isa = XCBuildConfiguration;
			buildSettings = {
				ALWAYS_SEARCH_USER_PATHS = NO;
				CLANG_CXX_LANGUAGE_STANDARD = "gnu++0x";
				CLANG_CXX_LIBRARY = "libc++";
				CLANG_ENABLE_OBJC_ARC = YES;
				CLANG_WARN_CONSTANT_CONVERSION = YES;
				CLANG_WARN_EMPTY_BODY = YES;
				CLANG_WARN_ENUM_CONVERSION = YES;
				CLANG_WARN_INT_CONVERSION = YES;
				CLANG_WARN__DUPLICATE_METHOD_MATCH = YES;
				"CODE_SIGN_IDENTITY[sdk=iphoneos*]" = "iPhone Developer";
				COPY_PHASE_STRIP = YES;
				GCC_C_LANGUAGE_STANDARD = gnu99;
				GCC_WARN_ABOUT_RETURN_TYPE = YES;
				GCC_WARN_UNINITIALIZED_AUTOS = YES;
				GCC_WARN_UNUSED_VARIABLE = YES;
				IPHONEOS_DEPLOYMENT_TARGET = 6.1;
				OTHER_CFLAGS = "-DNS_BLOCK_ASSERTIONS=1";
				SDKROOT = iphoneos;
				VALIDATE_PRODUCT = YES;
			};
			name = Release;
		};
		3F38C4D61778B6100006439E /* Debug */ = {
			isa = XCBuildConfiguration;
			buildSettings = {
				GCC_PRECOMPILE_PREFIX_HEADER = YES;
				GCC_PREFIX_HEADER = "HelloWorld/HelloWorld-Prefix.pch";
				INFOPLIST_FILE = "HelloWorld/HelloWorld-Info.plist";
				PRODUCT_NAME = "$(TARGET_NAME)";
				WRAPPER_EXTENSION = app;
			};
			name = Debug;
		};
		3F38C4D71778B6100006439E /* Release */ = {
			isa = XCBuildConfiguration;
			buildSettings = {
				GCC_PRECOMPILE_PREFIX_HEADER = YES;
				GCC_PREFIX_HEADER = "HelloWorld/HelloWorld-Prefix.pch";
				INFOPLIST_FILE = "HelloWorld/HelloWorld-Info.plist";
				PRODUCT_NAME = "$(TARGET_NAME)";
				WRAPPER_EXTENSION = app;
			};
			name = Release;
		};
/* End XCBuildConfiguration section */

/* Begin XCConfigurationList section */
		3F38C4AD1778B60F0006439E /* Build configuration list for PBXProject "HelloWorld" */ = {
			isa = XCConfigurationList;
			buildConfigurations = (
				3F38C4D31778B6100006439E /* Debug */,
				3F38C4D41778B6100006439E /* Release */,
			);
			defaultConfigurationIsVisible = 0;
			defaultConfigurationName = Release;
		};
		3F38C4D51778B6100006439E /* Build configuration list for PBXNativeTarget "HelloWorld" */ = {
			isa = XCConfigurationList;
			buildConfigurations = (
				3F38C4D61778B6100006439E /* Debug */,
				3F38C4D71778B6100006439E /* Release */,
			);
			defaultConfigurationIsVisible = 0;
		};
/* End XCConfigurationList section */
	};
	rootObject = 3F38C4AA1778B60F0006439E /* Project object */;
}
